
Microsoft Visual Studio Solution File, Format Version 12.00
# Visual Studio Version 16
VisualStudioVersion = 16.0.29728.190
MinimumVisualStudioVersion = 10.0.40219.1
Project("{FAE04EC0-301F-11D3-BF4B-00C04F79EFBC}") = "Project_Assignment_Webshop", "Project_Assignment_Webshop\Project_Assignment_Webshop.csproj", "{9B19DD2B-7445-493F-B9FD-15F2DA4B52E8}"
EndProject
Global
	GlobalSection(SolutionConfigurationPlatforms) = preSolution
		Debug|Any CPU = Debug|Any CPU
		Release|Any CPU = Release|Any CPU
	EndGlobalSection
	GlobalSection(ProjectConfigurationPlatforms) = postSolution
		{9B19DD2B-7445-493F-B9FD-15F2DA4B52E8}.Debug|Any CPU.ActiveCfg = Debug|Any CPU
		{9B19DD2B-7445-493F-B9FD-15F2DA4B52E8}.Debug|Any CPU.Build.0 = Debug|Any CPU
		{9B19DD2B-7445-493F-B9FD-15F2DA4B52E8}.Release|Any CPU.ActiveCfg = Release|Any CPU
		{9B19DD2B-7445-493F-B9FD-15F2DA4B52E8}.Release|Any CPU.Build.0 = Release|Any CPU
	EndGlobalSection
	GlobalSection(SolutionProperties) = preSolution
		HideSolutionNode = FALSE
	EndGlobalSection
	GlobalSection(ExtensibilityGlobals) = postSolution
		SolutionGuid = {7C0F2286-0493-486A-8F5B-702A9D27907C}
	EndGlobalSection
EndGlobal
